
Microsoft Visual Studio Solution File, Format Version 12.00
# Visual Studio Version 17
VisualStudioVersion = 17.10.35122.118
MinimumVisualStudioVersion = 10.0.40219.1
Project("{FAE04EC0-301F-11D3-BF4B-00C04F79EFBC}") = "Ededin 2-nin quvveti olub olmadigini tapan alqoritm", "Ededin 2-nin quvveti olub olmadigini tapan alqoritm.csproj", "{7D31CD2A-2F39-449D-A7BF-A5243DF6BFAA}"
EndProject
Global
	GlobalSection(SolutionConfigurationPlatforms) = preSolution
		Debug|Any CPU = Debug|Any CPU
		Release|Any CPU = Release|Any CPU
	EndGlobalSection
	GlobalSection(ProjectConfigurationPlatforms) = postSolution
		{7D31CD2A-2F39-449D-A7BF-A5243DF6BFAA}.Debug|Any CPU.ActiveCfg = Debug|Any CPU
		{7D31CD2A-2F39-449D-A7BF-A5243DF6BFAA}.Debug|Any CPU.Build.0 = Debug|Any CPU
		{7D31CD2A-2F39-449D-A7BF-A5243DF6BFAA}.Release|Any CPU.ActiveCfg = Release|Any CPU
		{7D31CD2A-2F39-449D-A7BF-A5243DF6BFAA}.Release|Any CPU.Build.0 = Release|Any CPU
	EndGlobalSection
	GlobalSection(SolutionProperties) = preSolution
		HideSolutionNode = FALSE
	EndGlobalSection
	GlobalSection(ExtensibilityGlobals) = postSolution
		SolutionGuid = {ADE47024-559A-4F04-A338-60AA60C8059D}
	EndGlobalSection
EndGlobal
