
Microsoft Visual Studio Solution File, Format Version 12.00
# Visual Studio Version 17
VisualStudioVersion = 17.10.35122.118
MinimumVisualStudioVersion = 10.0.40219.1
Project("{FAE04EC0-301F-11D3-BF4B-00C04F79EFBC}") = "OOP Task", "OOP Task.csproj", "{B4AB8F1A-2647-4E5F-94E8-A367A53F8531}"
EndProject
Global
	GlobalSection(SolutionConfigurationPlatforms) = preSolution
		Debug|Any CPU = Debug|Any CPU
		Release|Any CPU = Release|Any CPU
	EndGlobalSection
	GlobalSection(ProjectConfigurationPlatforms) = postSolution
		{B4AB8F1A-2647-4E5F-94E8-A367A53F8531}.Debug|Any CPU.ActiveCfg = Debug|Any CPU
		{B4AB8F1A-2647-4E5F-94E8-A367A53F8531}.Debug|Any CPU.Build.0 = Debug|Any CPU
		{B4AB8F1A-2647-4E5F-94E8-A367A53F8531}.Release|Any CPU.ActiveCfg = Release|Any CPU
		{B4AB8F1A-2647-4E5F-94E8-A367A53F8531}.Release|Any CPU.Build.0 = Release|Any CPU
	EndGlobalSection
	GlobalSection(SolutionProperties) = preSolution
		HideSolutionNode = FALSE
	EndGlobalSection
	GlobalSection(ExtensibilityGlobals) = postSolution
		SolutionGuid = {6C22F9F3-64F4-4BF0-8A1D-EF5CD9B64FD9}
	EndGlobalSection
EndGlobal
