
Microsoft Visual Studio Solution File, Format Version 12.00
# Visual Studio Version 17
VisualStudioVersion = 17.10.35122.118
MinimumVisualStudioVersion = 10.0.40219.1
Project("{FAE04EC0-301F-11D3-BF4B-00C04F79EFBC}") = "Ədədlərdən ibarət arrayda rəqəm olduğunu ekrana çap edin", "Ədədlərdən ibarət arrayda rəqəm olduğunu ekrana çap edin.csproj", "{BFC6A9AC-720D-4280-A650-CF8E622BA3AE}"
EndProject
Global
	GlobalSection(SolutionConfigurationPlatforms) = preSolution
		Debug|Any CPU = Debug|Any CPU
		Release|Any CPU = Release|Any CPU
	EndGlobalSection
	GlobalSection(ProjectConfigurationPlatforms) = postSolution
		{BFC6A9AC-720D-4280-A650-CF8E622BA3AE}.Debug|Any CPU.ActiveCfg = Debug|Any CPU
		{BFC6A9AC-720D-4280-A650-CF8E622BA3AE}.Debug|Any CPU.Build.0 = Debug|Any CPU
		{BFC6A9AC-720D-4280-A650-CF8E622BA3AE}.Release|Any CPU.ActiveCfg = Release|Any CPU
		{BFC6A9AC-720D-4280-A650-CF8E622BA3AE}.Release|Any CPU.Build.0 = Release|Any CPU
	EndGlobalSection
	GlobalSection(SolutionProperties) = preSolution
		HideSolutionNode = FALSE
	EndGlobalSection
	GlobalSection(ExtensibilityGlobals) = postSolution
		SolutionGuid = {26348927-1A50-4DB8-AB88-DBE8BBA6615C}
	EndGlobalSection
EndGlobal
