
Microsoft Visual Studio Solution File, Format Version 12.00
# Visual Studio Version 17
VisualStudioVersion = 17.10.35122.118
MinimumVisualStudioVersion = 10.0.40219.1
Project("{FAE04EC0-301F-11D3-BF4B-00C04F79EFBC}") = "Optional Tasks", "Optional Tasks.csproj", "{4F66B8E6-B325-458F-91E1-CE39A71A25BF}"
EndProject
Global
	GlobalSection(SolutionConfigurationPlatforms) = preSolution
		Debug|Any CPU = Debug|Any CPU
		Release|Any CPU = Release|Any CPU
	EndGlobalSection
	GlobalSection(ProjectConfigurationPlatforms) = postSolution
		{4F66B8E6-B325-458F-91E1-CE39A71A25BF}.Debug|Any CPU.ActiveCfg = Debug|Any CPU
		{4F66B8E6-B325-458F-91E1-CE39A71A25BF}.Debug|Any CPU.Build.0 = Debug|Any CPU
		{4F66B8E6-B325-458F-91E1-CE39A71A25BF}.Release|Any CPU.ActiveCfg = Release|Any CPU
		{4F66B8E6-B325-458F-91E1-CE39A71A25BF}.Release|Any CPU.Build.0 = Release|Any CPU
	EndGlobalSection
	GlobalSection(SolutionProperties) = preSolution
		HideSolutionNode = FALSE
	EndGlobalSection
	GlobalSection(ExtensibilityGlobals) = postSolution
		SolutionGuid = {50FAAB5B-B4F5-4A38-A0C7-2767BA904D88}
	EndGlobalSection
EndGlobal
