
Microsoft Visual Studio Solution File, Format Version 12.00
# Visual Studio Version 17
VisualStudioVersion = 17.10.35122.118
MinimumVisualStudioVersion = 10.0.40219.1
Project("{FAE04EC0-301F-11D3-BF4B-00C04F79EFBC}") = "Verilmish 2 mertebeli ededin en boyuk reqemini tapan algorithm misal", "Verilmish 2 mertebeli ededin en boyuk reqemini tapan algorithm misal.csproj", "{44CFAE6B-DC57-4BA1-8D12-EDFE8131461B}"
EndProject
Global
	GlobalSection(SolutionConfigurationPlatforms) = preSolution
		Debug|Any CPU = Debug|Any CPU
		Release|Any CPU = Release|Any CPU
	EndGlobalSection
	GlobalSection(ProjectConfigurationPlatforms) = postSolution
		{44CFAE6B-DC57-4BA1-8D12-EDFE8131461B}.Debug|Any CPU.ActiveCfg = Debug|Any CPU
		{44CFAE6B-DC57-4BA1-8D12-EDFE8131461B}.Debug|Any CPU.Build.0 = Debug|Any CPU
		{44CFAE6B-DC57-4BA1-8D12-EDFE8131461B}.Release|Any CPU.ActiveCfg = Release|Any CPU
		{44CFAE6B-DC57-4BA1-8D12-EDFE8131461B}.Release|Any CPU.Build.0 = Release|Any CPU
	EndGlobalSection
	GlobalSection(SolutionProperties) = preSolution
		HideSolutionNode = FALSE
	EndGlobalSection
	GlobalSection(ExtensibilityGlobals) = postSolution
		SolutionGuid = {67C3D373-1D1A-47BE-8912-94684E768EA5}
	EndGlobalSection
EndGlobal
